
Microsoft Visual Studio Solution File, Format Version 12.00
# Visual Studio Version 17
VisualStudioVersion = 17.14.36401.2 d17.14
MinimumVisualStudioVersion = 10.0.40219.1
Project("{FAE04EC0-301F-11D3-BF4B-00C04F79EFBC}") = "PluginManager", "PluginManager\PluginManager.csproj", "{3351FDE7-EC4F-4E2E-A647-C9D4DC825CC6}"
EndProject
Global
	GlobalSection(SolutionConfigurationPlatforms) = preSolution
		Debug|Any CPU = Debug|Any CPU
		Release|Any CPU = Release|Any CPU
	EndGlobalSection
	GlobalSection(ProjectConfigurationPlatforms) = postSolution
		{3351FDE7-EC4F-4E2E-A647-C9D4DC825CC6}.Debug|Any CPU.ActiveCfg = Debug|Any CPU
		{3351FDE7-EC4F-4E2E-A647-C9D4DC825CC6}.Debug|Any CPU.Build.0 = Debug|Any CPU
		{3351FDE7-EC4F-4E2E-A647-C9D4DC825CC6}.Release|Any CPU.ActiveCfg = Release|Any CPU
		{3351FDE7-EC4F-4E2E-A647-C9D4DC825CC6}.Release|Any CPU.Build.0 = Release|Any CPU
	EndGlobalSection
	GlobalSection(SolutionProperties) = preSolution
		HideSolutionNode = FALSE
	EndGlobalSection
	GlobalSection(ExtensibilityGlobals) = postSolution
		SolutionGuid = {D1702B6A-52F9-4B5E-8761-BEE49B11E591}
	EndGlobalSection
EndGlobal
